// !$*UTF8*$!
{
	archiveVersion = 1;
	classes = {
	};
	objectVersion = 46;
	objects = {

/* Begin PBXBuildFile section */
		8699E0951E2FD5E200F38B79 /* AppDelegate.swift in Sources */ = {isa = PBXBuildFile; fileRef = 8699E0941E2FD5E200F38B79 /* AppDelegate.swift */; };
		8699E0971E2FD5E200F38B79 /* ViewController.swift in Sources */ = {isa = PBXBuildFile; fileRef = 8699E0961E2FD5E200F38B79 /* ViewController.swift */; };
		8699E09A1E2FD5E200F38B79 /* Main.storyboard in Resources */ = {isa = PBXBuildFile; fileRef = 8699E0981E2FD5E200F38B79 /* Main.storyboard */; };
		8699E09C1E2FD5E200F38B79 /* Assets.xcassets in Resources */ = {isa = PBXBuildFile; fileRef = 8699E09B1E2FD5E200F38B79 /* Assets.xcassets */; };
		8699E09F1E2FD5E200F38B79 /* LaunchScreen.storyboard in Resources */ = {isa = PBXBuildFile; fileRef = 8699E09D1E2FD5E200F38B79 /* LaunchScreen.storyboard */; };
		8699E0AA1E2FD5E200F38B79 /* QuizTests.swift in Sources */ = {isa = PBXBuildFile; fileRef = 8699E0A91E2FD5E200F38B79 /* QuizTests.swift */; };
		8699E0B51E2FD5E200F38B79 /* QuizUITests.swift in Sources */ = {isa = PBXBuildFile; fileRef = 8699E0B41E2FD5E200F38B79 /* QuizUITests.swift */; };
/* End PBXBuildFile section */

/* Begin PBXContainerItemProxy section */
		8699E0A61E2FD5E200F38B79 /* PBXContainerItemProxy */ = {
			isa = PBXContainerItemProxy;
			containerPortal = 8699E0891E2FD5E200F38B79 /* Project object */;
			proxyType = 1;
			remoteGlobalIDString = 8699E0901E2FD5E200F38B79;
			remoteInfo = Quiz;
		};
		8699E0B11E2FD5E200F38B79 /* PBXContainerItemProxy */ = {
			isa = PBXContainerItemProxy;
			containerPortal = 8699E0891E2FD5E200F38B79 /* Project object */;
			proxyType = 1;
			remoteGlobalIDString = 8699E0901E2FD5E200F38B79;
			remoteInfo = Quiz;
		};
/* End PBXContainerItemProxy section */

/* Begin PBXFileReference section */
		8699E0911E2FD5E200F38B79 /* Quiz.app */ = {isa = PBXFileReference; explicitFileType = wrapper.application; includeInIndex = 0; path = Quiz.app; sourceTree = BUILT_PRODUCTS_DIR; };
		8699E0941E2FD5E200F38B79 /* AppDelegate.swift */ = {isa = PBXFileReference; lastKnownFileType = sourcecode.swift; path = AppDelegate.swift; sourceTree = "<group>"; };
		8699E0961E2FD5E200F38B79 /* ViewController.swift */ = {isa = PBXFileReference; lastKnownFileType = sourcecode.swift; path = ViewController.swift; sourceTree = "<group>"; };
		8699E0991E2FD5E200F38B79 /* Base */ = {isa = PBXFileReference; lastKnownFileType = file.storyboard; name = Base; path = Base.lproj/Main.storyboard; sourceTree = "<group>"; };
		8699E09B1E2FD5E200F38B79 /* Assets.xcassets */ = {isa = PBXFileReference; lastKnownFileType = folder.assetcatalog; path = Assets.xcassets; sourceTree = "<group>"; };
		8699E09E1E2FD5E200F38B79 /* Base */ = {isa = PBXFileReference; lastKnownFileType = file.storyboard; name = Base; path = Base.lproj/LaunchScreen.storyboard; sourceTree = "<group>"; };
		8699E0A01E2FD5E200F38B79 /* Info.plist */ = {isa = PBXFileReference; lastKnownFileType = text.plist.xml; path = Info.plist; sourceTree = "<group>"; };
		8699E0A51E2FD5E200F38B79 /* QuizTests.xctest */ = {isa = PBXFileReference; explicitFileType = wrapper.cfbundle; includeInIndex = 0; path = QuizTests.xctest; sourceTree = BUILT_PRODUCTS_DIR; };
		8699E0A91E2FD5E200F38B79 /* QuizTests.swift */ = {isa = PBXFileReference; lastKnownFileType = sourcecode.swift; path = QuizTests.swift; sourceTree = "<group>"; };
		8699E0AB1E2FD5E200F38B79 /* Info.plist */ = {isa = PBXFileReference; lastKnownFileType = text.plist.xml; path = Info.plist; sourceTree = "<group>"; };
		8699E0B01E2FD5E200F38B79 /* QuizUITests.xctest */ = {isa = PBXFileReference; explicitFileType = wrapper.cfbundle; includeInIndex = 0; path = QuizUITests.xctest; sourceTree = BUILT_PRODUCTS_DIR; };
		8699E0B41E2FD5E200F38B79 /* QuizUITests.swift */ = {isa = PBXFileReference; lastKnownFileType = sourcecode.swift; path = QuizUITests.swift; sourceTree = "<group>"; };
		8699E0B61E2FD5E200F38B79 /* Info.plist */ = {isa = PBXFileReference; lastKnownFileType = text.plist.xml; path = Info.plist; sourceTree = "<group>"; };
/* End PBXFileReference section */

/* Begin PBXFrameworksBuildPhase section */
		8699E08E1E2FD5E200F38B79 /* Frameworks */ = {
			isa = PBXFrameworksBuildPhase;
			buildActionMask = 2147483647;
			files = (
			);
			runOnlyForDeploymentPostprocessing = 0;
		};
		8699E0A21E2FD5E200F38B79 /* Frameworks */ = {
			isa = PBXFrameworksBuildPhase;
			buildActionMask = 2147483647;
			files = (
			);
			runOnlyForDeploymentPostprocessing = 0;
		};
		8699E0AD1E2FD5E200F38B79 /* Frameworks */ = {
			isa = PBXFrameworksBuildPhase;
			buildActionMask = 2147483647;
			files = (
			);
			runOnlyForDeploymentPostprocessing = 0;
		};
/* End PBXFrameworksBuildPhase section */

/* Begin PBXGroup section */
		8699E0881E2FD5E200F38B79 = {
			isa = PBXGroup;
			children = (
				8699E0931E2FD5E200F38B79 /* Quiz */,
				8699E0A81E2FD5E200F38B79 /* QuizTests */,
				8699E0B31E2FD5E200F38B79 /* QuizUITests */,
				8699E0921E2FD5E200F38B79 /* Products */,
			);
			sourceTree = "<group>";
		};
		8699E0921E2FD5E200F38B79 /* Products */ = {
			isa = PBXGroup;
			children = (
				8699E0911E2FD5E200F38B79 /* Quiz.app */,
				8699E0A51E2FD5E200F38B79 /* QuizTests.xctest */,
				8699E0B01E2FD5E200F38B79 /* QuizUITests.xctest */,
			);
			name = Products;
			sourceTree = "<group>";
		};
		8699E0931E2FD5E200F38B79 /* Quiz */ = {
			isa = PBXGroup;
			children = (
				8699E0941E2FD5E200F38B79 /* AppDelegate.swift */,
				8699E0961E2FD5E200F38B79 /* ViewController.swift */,
				8699E0981E2FD5E200F38B79 /* Main.storyboard */,
				8699E09B1E2FD5E200F38B79 /* Assets.xcassets */,
				8699E09D1E2FD5E200F38B79 /* LaunchScreen.storyboard */,
				8699E0A01E2FD5E200F38B79 /* Info.plist */,
			);
			path = Quiz;
			sourceTree = "<group>";
		};
		8699E0A81E2FD5E200F38B79 /* QuizTests */ = {
			isa = PBXGroup;
			children = (
				8699E0A91E2FD5E200F38B79 /* QuizTests.swift */,
				8699E0AB1E2FD5E200F38B79 /* Info.plist */,
			);
			path = QuizTests;
			sourceTree = "<group>";
		};
		8699E0B31E2FD5E200F38B79 /* QuizUITests */ = {
			isa = PBXGroup;
			children = (
				8699E0B41E2FD5E200F38B79 /* QuizUITests.swift */,
				8699E0B61E2FD5E200F38B79 /* Info.plist */,
			);
			path = QuizUITests;
			sourceTree = "<group>";
		};
/* End PBXGroup section */

/* Begin PBXNativeTarget section */
		8699E0901E2FD5E200F38B79 /* Quiz */ = {
			isa = PBXNativeTarget;
			buildConfigurationList = 8699E0B91E2FD5E200F38B79 /* Build configuration list for PBXNativeTarget "Quiz" */;
			buildPhases = (
				8699E08D1E2FD5E200F38B79 /* Sources */,
				8699E08E1E2FD5E200F38B79 /* Frameworks */,
				8699E08F1E2FD5E200F38B79 /* Resources */,
			);
			buildRules = (
			);
			dependencies = (
			);
			name = Quiz;
			productName = Quiz;
			productReference = 8699E0911E2FD5E200F38B79 /* Quiz.app */;
			productType = "com.apple.product-type.application";
		};
		8699E0A41E2FD5E200F38B79 /* QuizTests */ = {
			isa = PBXNativeTarget;
			buildConfigurationList = 8699E0BC1E2FD5E200F38B79 /* Build configuration list for PBXNativeTarget "QuizTests" */;
			buildPhases = (
				8699E0A11E2FD5E200F38B79 /* Sources */,
				8699E0A21E2FD5E200F38B79 /* Frameworks */,
				8699E0A31E2FD5E200F38B79 /* Resources */,
			);
			buildRules = (
			);
			dependencies = (
				8699E0A71E2FD5E200F38B79 /* PBXTargetDependency */,
			);
			name = QuizTests;
			productName = QuizTests;
			productReference = 8699E0A51E2FD5E200F38B79 /* QuizTests.xctest */;
			productType = "com.apple.product-type.bundle.unit-test";
		};
		8699E0AF1E2FD5E200F38B79 /* QuizUITests */ = {
			isa = PBXNativeTarget;
			buildConfigurationList = 8699E0BF1E2FD5E200F38B79 /* Build configuration list for PBXNativeTarget "QuizUITests" */;
			buildPhases = (
				8699E0AC1E2FD5E200F38B79 /* Sources */,
				8699E0AD1E2FD5E200F38B79 /* Frameworks */,
				8699E0AE1E2FD5E200F38B79 /* Resources */,
			);
			buildRules = (
			);
			dependencies = (
				8699E0B21E2FD5E200F38B79 /* PBXTargetDependency */,
			);
			name = QuizUITests;
			productName = QuizUITests;
			productReference = 8699E0B01E2FD5E200F38B79 /* QuizUITests.xctest */;
			productType = "com.apple.product-type.bundle.ui-testing";
		};
/* End PBXNativeTarget section */

/* Begin PBXProject section */
		8699E0891E2FD5E200F38B79 /* Project object */ = {
			isa = PBXProject;
			attributes = {
				LastSwiftUpdateCheck = 0820;
				LastUpgradeCheck = 0820;
				ORGANIZATIONNAME = "Tyler Bailey";
				TargetAttributes = {
					8699E0901E2FD5E200F38B79 = {
						CreatedOnToolsVersion = 8.2.1;
						ProvisioningStyle = Automatic;
					};
					8699E0A41E2FD5E200F38B79 = {
						CreatedOnToolsVersion = 8.2.1;
						ProvisioningStyle = Automatic;
						TestTargetID = 8699E0901E2FD5E200F38B79;
					};
					8699E0AF1E2FD5E200F38B79 = {
						CreatedOnToolsVersion = 8.2.1;
						ProvisioningStyle = Automatic;
						TestTargetID = 8699E0901E2FD5E200F38B79;
					};
				};
			};
			buildConfigurationList = 8699E08C1E2FD5E200F38B79 /* Build configuration list for PBXProject "Quiz" */;
			compatibilityVersion = "Xcode 3.2";
			developmentRegion = English;
			hasScannedForEncodings = 0;
			knownRegions = (
				en,
				Base,
			);
			mainGroup = 8699E0881E2FD5E200F38B79;
			productRefGroup = 8699E0921E2FD5E200F38B79 /* Products */;
			projectDirPath = "";
			projectRoot = "";
			targets = (
				8699E0901E2FD5E200F38B79 /* Quiz */,
				8699E0A41E2FD5E200F38B79 /* QuizTests */,
				8699E0AF1E2FD5E200F38B79 /* QuizUITests */,
			);
		};
/* End PBXProject section */

/* Begin PBXResourcesBuildPhase section */
		8699E08F1E2FD5E200F38B79 /* Resources */ = {
			isa = PBXResourcesBuildPhase;
			buildActionMask = 2147483647;
			files = (
				8699E09F1E2FD5E200F38B79 /* LaunchScreen.storyboard in Resources */,
				8699E09C1E2FD5E200F38B79 /* Assets.xcassets in Resources */,
				8699E09A1E2FD5E200F38B79 /* Main.storyboard in Resources */,
			);
			runOnlyForDeploymentPostprocessing = 0;
		};
		8699E0A31E2FD5E200F38B79 /* Resources */ = {
			isa = PBXResourcesBuildPhase;
			buildActionMask = 2147483647;
			files = (
			);
			runOnlyForDeploymentPostprocessing = 0;
		};
		8699E0AE1E2FD5E200F38B79 /* Resources */ = {
			isa = PBXResourcesBuildPhase;
			buildActionMask = 2147483647;
			files = (
			);
			runOnlyForDeploymentPostprocessing = 0;
		};
/* End PBXResourcesBuildPhase section */

/* Begin PBXSourcesBuildPhase section */
		8699E08D1E2FD5E200F38B79 /* Sources */ = {
			isa = PBXSourcesBuildPhase;
			buildActionMask = 2147483647;
			files = (
				8699E0971E2FD5E200F38B79 /* ViewController.swift in Sources */,
				8699E0951E2FD5E200F38B79 /* AppDelegate.swift in Sources */,
			);
			runOnlyForDeploymentPostprocessing = 0;
		};
		8699E0A11E2FD5E200F38B79 /* Sources */ = {
			isa = PBXSourcesBuildPhase;
			buildActionMask = 2147483647;
			files = (
				8699E0AA1E2FD5E200F38B79 /* QuizTests.swift in Sources */,
			);
			runOnlyForDeploymentPostprocessing = 0;
		};
		8699E0AC1E2FD5E200F38B79 /* Sources */ = {
			isa = PBXSourcesBuildPhase;
			buildActionMask = 2147483647;
			files = (
				8699E0B51E2FD5E200F38B79 /* QuizUITests.swift in Sources */,
			);
			runOnlyForDeploymentPostprocessing = 0;
		};
/* End PBXSourcesBuildPhase section */

/* Begin PBXTargetDependency section */
		8699E0A71E2FD5E200F38B79 /* PBXTargetDependency */ = {
			isa = PBXTargetDependency;
			target = 8699E0901E2FD5E200F38B79 /* Quiz */;
			targetProxy = 8699E0A61E2FD5E200F38B79 /* PBXContainerItemProxy */;
		};
		8699E0B21E2FD5E200F38B79 /* PBXTargetDependency */ = {
			isa = PBXTargetDependency;
			target = 8699E0901E2FD5E200F38B79 /* Quiz */;
			targetProxy = 8699E0B11E2FD5E200F38B79 /* PBXContainerItemProxy */;
		};
/* End PBXTargetDependency section */

/* Begin PBXVariantGroup section */
		8699E0981E2FD5E200F38B79 /* Main.storyboard */ = {
			isa = PBXVariantGroup;
			children = (
				8699E0991E2FD5E200F38B79 /* Base */,
			);
			name = Main.storyboard;
			sourceTree = "<group>";
		};
		8699E09D1E2FD5E200F38B79 /* LaunchScreen.storyboard */ = {
			isa = PBXVariantGroup;
			children = (
				8699E09E1E2FD5E200F38B79 /* Base */,
			);
			name = LaunchScreen.storyboard;
			sourceTree = "<group>";
		};
/* End PBXVariantGroup section */

/* Begin XCBuildConfiguration section */
		8699E0B71E2FD5E200F38B79 /* Debug */ = {
			isa = XCBuildConfiguration;
			buildSettings = {
				ALWAYS_SEARCH_USER_PATHS = NO;
				CLANG_ANALYZER_NONNULL = YES;
				CLANG_CXX_LANGUAGE_STANDARD = "gnu++0x";
				CLANG_CXX_LIBRARY = "libc++";
				CLANG_ENABLE_MODULES = YES;
				CLANG_ENABLE_OBJC_ARC = YES;
				CLANG_WARN_BOOL_CONVERSION = YES;
				CLANG_WARN_CONSTANT_CONVERSION = YES;
				CLANG_WARN_DIRECT_OBJC_ISA_USAGE = YES_ERROR;
				CLANG_WARN_DOCUMENTATION_COMMENTS = YES;
				CLANG_WARN_EMPTY_BODY = YES;
				CLANG_WARN_ENUM_CONVERSION = YES;
				CLANG_WARN_INFINITE_RECURSION = YES;
				CLANG_WARN_INT_CONVERSION = YES;
				CLANG_WARN_OBJC_ROOT_CLASS = YES_ERROR;
				CLANG_WARN_SUSPICIOUS_MOVE = YES;
				CLANG_WARN_UNREACHABLE_CODE = YES;
				CLANG_WARN__DUPLICATE_METHOD_MATCH = YES;
				"CODE_SIGN_IDENTITY[sdk=iphoneos*]" = "iPhone Developer";
				COPY_PHASE_STRIP = NO;
				DEBUG_INFORMATION_FORMAT = dwarf;
				ENABLE_STRICT_OBJC_MSGSEND = YES;
				ENABLE_TESTABILITY = YES;
				GCC_C_LANGUAGE_STANDARD = gnu99;
				GCC_DYNAMIC_NO_PIC = NO;
				GCC_NO_COMMON_BLOCKS = YES;
				GCC_OPTIMIZATION_LEVEL = 0;
				GCC_PREPROCESSOR_DEFINITIONS = (
					"DEBUG=1",
					"$(inherited)",
				);
				GCC_WARN_64_TO_32_BIT_CONVERSION = YES;
				GCC_WARN_ABOUT_RETURN_TYPE = YES_ERROR;
				GCC_WARN_UNDECLARED_SELECTOR = YES;
				GCC_WARN_UNINITIALIZED_AUTOS = YES_AGGRESSIVE;
				GCC_WARN_UNUSED_FUNCTION = YES;
				GCC_WARN_UNUSED_VARIABLE = YES;
				IPHONEOS_DEPLOYMENT_TARGET = 10.2;
				MTL_ENABLE_DEBUG_INFO = YES;
				ONLY_ACTIVE_ARCH = YES;
				SDKROOT = iphoneos;
				SWIFT_ACTIVE_COMPILATION_CONDITIONS = DEBUG;
				SWIFT_OPTIMIZATION_LEVEL = "-Onone";
				TARGETED_DEVICE_FAMILY = "1,2";
			};
			name = Debug;
		};
		8699E0B81E2FD5E200F38B79 /* Release */ = {
			isa = XCBuildConfiguration;
			buildSettings = {
				ALWAYS_SEARCH_USER_PATHS = NO;
				CLANG_ANALYZER_NONNULL = YES;
				CLANG_CXX_LANGUAGE_STANDARD = "gnu++0x";
				CLANG_CXX_LIBRARY = "libc++";
				CLANG_ENABLE_MODULES = YES;
				CLANG_ENABLE_OBJC_ARC = YES;
				CLANG_WARN_BOOL_CONVERSION = YES;
				CLANG_WARN_CONSTANT_CONVERSION = YES;
				CLANG_WARN_DIRECT_OBJC_ISA_USAGE = YES_ERROR;
				CLANG_WARN_DOCUMENTATION_COMMENTS = YES;
				CLANG_WARN_EMPTY_BODY = YES;
				CLANG_WARN_ENUM_CONVERSION = YES;
				CLANG_WARN_INFINITE_RECURSION = YES;
				CLANG_WARN_INT_CONVERSION = YES;
				CLANG_WARN_OBJC_ROOT_CLASS = YES_ERROR;
				CLANG_WARN_SUSPICIOUS_MOVE = YES;
				CLANG_WARN_UNREACHABLE_CODE = YES;
				CLANG_WARN__DUPLICATE_METHOD_MATCH = YES;
				"CODE_SIGN_IDENTITY[sdk=iphoneos*]" = "iPhone Developer";
				COPY_PHASE_STRIP = NO;
				DEBUG_INFORMATION_FORMAT = "dwarf-with-dsym";
				ENABLE_NS_ASSERTIONS = NO;
				ENABLE_STRICT_OBJC_MSGSEND = YES;
				GCC_C_LANGUAGE_STANDARD = gnu99;
				GCC_NO_COMMON_BLOCKS = YES;
				GCC_WARN_64_TO_32_BIT_CONVERSION = YES;
				GCC_WARN_ABOUT_RETURN_TYPE = YES_ERROR;
				GCC_WARN_UNDECLARED_SELECTOR = YES;
				GCC_WARN_UNINITIALIZED_AUTOS = YES_AGGRESSIVE;
				GCC_WARN_UNUSED_FUNCTION = YES;
				GCC_WARN_UNUSED_VARIABLE = YES;
				IPHONEOS_DEPLOYMENT_TARGET = 10.2;
				MTL_ENABLE_DEBUG_INFO = NO;
				SDKROOT = iphoneos;
				SWIFT_OPTIMIZATION_LEVEL = "-Owholemodule";
				TARGETED_DEVICE_FAMILY = "1,2";
				VALIDATE_PRODUCT = YES;
			};
			name = Release;
		};
		8699E0BA1E2FD5E200F38B79 /* Debug */ = {
			isa = XCBuildConfiguration;
			buildSettings = {
				ASSETCATALOG_COMPILER_APPICON_NAME = AppIcon;
				INFOPLIST_FILE = Quiz/Info.plist;
				LD_RUNPATH_SEARCH_PATHS = "$(inherited) @executable_path/Frameworks";
				PRODUCT_BUNDLE_IDENTIFIER = com.TylerBaileyDev.Quiz;
				PRODUCT_NAME = "$(TARGET_NAME)";
				SWIFT_VERSION = 3.0;
			};
			name = Debug;
		};
		8699E0BB1E2FD5E200F38B79 /* Release */ = {
			isa = XCBuildConfiguration;
			buildSettings = {
				ASSETCATALOG_COMPILER_APPICON_NAME = AppIcon;
				INFOPLIST_FILE = Quiz/Info.plist;
				LD_RUNPATH_SEARCH_PATHS = "$(inherited) @executable_path/Frameworks";
				PRODUCT_BUNDLE_IDENTIFIER = com.TylerBaileyDev.Quiz;
				PRODUCT_NAME = "$(TARGET_NAME)";
				SWIFT_VERSION = 3.0;
			};
			name = Release;
		};
		8699E0BD1E2FD5E200F38B79 /* Debug */ = {
			isa = XCBuildConfiguration;
			buildSettings = {
				ALWAYS_EMBED_SWIFT_STANDARD_LIBRARIES = YES;
				BUNDLE_LOADER = "$(TEST_HOST)";
				INFOPLIST_FILE = QuizTests/Info.plist;
				LD_RUNPATH_SEARCH_PATHS = "$(inherited) @executable_path/Frameworks @loader_path/Frameworks";
				PRODUCT_BUNDLE_IDENTIFIER = com.TylerBaileyDev.QuizTests;
				PRODUCT_NAME = "$(TARGET_NAME)";
				SWIFT_VERSION = 3.0;
				TEST_HOST = "$(BUILT_PRODUCTS_DIR)/Quiz.app/Quiz";
			};
			name = Debug;
		};
		8699E0BE1E2FD5E200F38B79 /* Release */ = {
			isa = XCBuildConfiguration;
			buildSettings = {
				ALWAYS_EMBED_SWIFT_STANDARD_LIBRARIES = YES;
				BUNDLE_LOADER = "$(TEST_HOST)";
				INFOPLIST_FILE = QuizTests/Info.plist;
				LD_RUNPATH_SEARCH_PATHS = "$(inherited) @executable_path/Frameworks @loader_path/Frameworks";
				PRODUCT_BUNDLE_IDENTIFIER = com.TylerBaileyDev.QuizTests;
				PRODUCT_NAME = "$(TARGET_NAME)";
				SWIFT_VERSION = 3.0;
				TEST_HOST = "$(BUILT_PRODUCTS_DIR)/Quiz.app/Quiz";
			};
			name = Release;
		};
		8699E0C01E2FD5E200F38B79 /* Debug */ = {
			isa = XCBuildConfiguration;
			buildSettings = {
				ALWAYS_EMBED_SWIFT_STANDARD_LIBRARIES = YES;
				INFOPLIST_FILE = QuizUITests/Info.plist;
				LD_RUNPATH_SEARCH_PATHS = "$(inherited) @executable_path/Frameworks @loader_path/Frameworks";
				PRODUCT_BUNDLE_IDENTIFIER = com.TylerBaileyDev.QuizUITests;
				PRODUCT_NAME = "$(TARGET_NAME)";
				SWIFT_VERSION = 3.0;
				TEST_TARGET_NAME = Quiz;
			};
			name = Debug;
		};
		8699E0C11E2FD5E200F38B79 /* Release */ = {
			isa = XCBuildConfiguration;
			buildSettings = {
				ALWAYS_EMBED_SWIFT_STANDARD_LIBRARIES = YES;
				INFOPLIST_FILE = QuizUITests/Info.plist;
				LD_RUNPATH_SEARCH_PATHS = "$(inherited) @executable_path/Frameworks @loader_path/Frameworks";
				PRODUCT_BUNDLE_IDENTIFIER = com.TylerBaileyDev.QuizUITests;
				PRODUCT_NAME = "$(TARGET_NAME)";
				SWIFT_VERSION = 3.0;
				TEST_TARGET_NAME = Quiz;
			};
			name = Release;
		};
/* End XCBuildConfiguration section */

/* Begin XCConfigurationList section */
		8699E08C1E2FD5E200F38B79 /* Build configuration list for PBXProject "Quiz" */ = {
			isa = XCConfigurationList;
			buildConfigurations = (
				8699E0B71E2FD5E200F38B79 /* Debug */,
				8699E0B81E2FD5E200F38B79 /* Release */,
			);
			defaultConfigurationIsVisible = 0;
			defaultConfigurationName = Release;
		};
		8699E0B91E2FD5E200F38B79 /* Build configuration list for PBXNativeTarget "Quiz" */ = {
			isa = XCConfigurationList;
			buildConfigurations = (
				8699E0BA1E2FD5E200F38B79 /* Debug */,
				8699E0BB1E2FD5E200F38B79 /* Release */,
			);
			defaultConfigurationIsVisible = 0;
		};
		8699E0BC1E2FD5E200F38B79 /* Build configuration list for PBXNativeTarget "QuizTests" */ = {
			isa = XCConfigurationList;
			buildConfigurations = (
				8699E0BD1E2FD5E200F38B79 /* Debug */,
				8699E0BE1E2FD5E200F38B79 /* Release */,
			);
			defaultConfigurationIsVisible = 0;
		};
		8699E0BF1E2FD5E200F38B79 /* Build configuration list for PBXNativeTarget "QuizUITests" */ = {
			isa = XCConfigurationList;
			buildConfigurations = (
				8699E0C01E2FD5E200F38B79 /* Debug */,
				8699E0C11E2FD5E200F38B79 /* Release */,
			);
			defaultConfigurationIsVisible = 0;
		};
/* End XCConfigurationList section */
	};
	rootObject = 8699E0891E2FD5E200F38B79 /* Project object */;
}
